<?xml version="1.0" encoding="utf-8"?>
<Project ToolsVersion="4.0" xmlns="http://schemas.microsoft.com/developer/msbuild/2003">
  <ItemGroup>
    <Filter Include="Source Files">
      <UniqueIdentifier>{4FC737F1-C7A5-4376-A066-2A32D752A2FF}</UniqueIdentifier>
      <Extensions>cpp;c;cc;cxx;def;odl;idl;hpj;bat;asm;asmx</Extensions>
    </Filter>
    <Filter Include="Header Files">
      <UniqueIdentifier>{93995380-89BD-4b04-88EB-625FBE52EBFB}</UniqueIdentifier>
      <Extensions>h;hpp;hxx;hm;inl;inc;xsd</Extensions>
    </Filter>
    <Filter Include="Resource Files">
      <UniqueIdentifier>{67DA6AB6-F800-4c08-8B7A-83BB121AAD01}</UniqueIdentifier>
      <Extensions>rc;ico;cur;bmp;dlg;rc2;rct;bin;rgs;gif;jpg;jpeg;jpe;resx;tiff;tif;png;wav;mfcribbon-ms</Extensions>
    </Filter>
    <Filter Include="Source Files\Engine">
      <UniqueIdentifier>{2b9808e7-2231-4b88-97aa-87d7d0da568b}</UniqueIdentifier>
    </Filter>
    <Filter Include="Source Files\OpenGL">
      <UniqueIdentifier>{44c74528-b8a1-493f-8e36-c1e5ac35c470}</UniqueIdentifier>
    </Filter>
    <Filter Include="Source Files\Engine\Components">
      <UniqueIdentifier>{4726c91f-480e-43e3-ae1f-94193cdff434}</UniqueIdentifier>
    </Filter>
    <Filter Include="Source Files\Engine\GameLoop">
      <UniqueIdentifier>{71fe0ae2-895d-4584-8abb-e046f3f87c7c}</UniqueIdentifier>
    </Filter>
    <Filter Include="Source Files\Engine\GameObject">
      <UniqueIdentifier>{7873238b-e9f9-4594-84dd-e1d988d97d37}</UniqueIdentifier>
    </Filter>
    <Filter Include="Source Files\Engine\Rendering">
      <UniqueIdentifier>{ba9cc822-e668-4304-b225-b9b9ffd36d5f}</UniqueIdentifier>
    </Filter>
    <Filter Include="Source Files\Engine\Resources">
      <UniqueIdentifier>{bc8321fb-9ef9-44c6-a508-e5e1a25a21db}</UniqueIdentifier>
    </Filter>
    <Filter Include="Source Files\OpenGL\Buffer">
      <UniqueIdentifier>{252660db-0249-4146-92de-db60b815a851}</UniqueIdentifier>
    </Filter>
    <Filter Include="Source Files\Engine\Window">
      <UniqueIdentifier>{e9139b7f-b00e-4929-a965-a8f63c9191d3}</UniqueIdentifier>
    </Filter>
    <Filter Include="Header Files\Base">
      <UniqueIdentifier>{d1d1b192-93ef-4ab7-ad60-988440f08f26}</UniqueIdentifier>
    </Filter>
    <Filter Include="Header Files\Debug">
      <UniqueIdentifier>{4c6e6cc3-c487-4b16-b919-86343a6f4a9a}</UniqueIdentifier>
    </Filter>
    <Filter Include="Header Files\Engine">
      <UniqueIdentifier>{d4e1c91e-3791-4096-a805-d18a5f668a56}</UniqueIdentifier>
    </Filter>
    <Filter Include="Header Files\Libraries">
      <UniqueIdentifier>{d49c035d-2f08-43d3-85af-29ddc09a7122}</UniqueIdentifier>
    </Filter>
    <Filter Include="Header Files\OpenGL">
      <UniqueIdentifier>{da47f0c3-522b-4628-987e-a4075d1096cf}</UniqueIdentifier>
    </Filter>
    <Filter Include="Header Files\Engine\Components">
      <UniqueIdentifier>{914ba2f5-9122-45ac-851d-ce4dc12a6109}</UniqueIdentifier>
    </Filter>
    <Filter Include="Header Files\Engine\GameLoop">
      <UniqueIdentifier>{9d61965b-5e29-4bd0-9680-14baea0f35a9}</UniqueIdentifier>
    </Filter>
    <Filter Include="Header Files\Engine\GameObject">
      <UniqueIdentifier>{637c1e17-0e9d-4941-89be-bf15bb72af17}</UniqueIdentifier>
    </Filter>
    <Filter Include="Header Files\Engine\Rendering">
      <UniqueIdentifier>{625d2066-cf3d-42b8-9e5c-c17872444357}</UniqueIdentifier>
    </Filter>
    <Filter Include="Header Files\Engine\Rendering\Effects">
      <UniqueIdentifier>{4c4a1f02-117a-4f92-964b-d005c08b0f75}</UniqueIdentifier>
    </Filter>
    <Filter Include="Header Files\Engine\Resources">
      <UniqueIdentifier>{e1c6e873-643c-401f-baaa-07052e872985}</UniqueIdentifier>
    </Filter>
    <Filter Include="Header Files\OpenGL\Buffers">
      <UniqueIdentifier>{7befc9cc-8a22-4151-8165-1903f091367a}</UniqueIdentifier>
    </Filter>
    <Filter Include="Header Files\Engine\Window">
      <UniqueIdentifier>{371e0b34-3a00-4c24-9f2c-878991117509}</UniqueIdentifier>
    </Filter>
    <Filter Include="Header Files\Engine\Rendering\Terrain">
      <UniqueIdentifier>{5f5d0814-fcca-4586-8938-a1ad827ed7cd}</UniqueIdentifier>
    </Filter>
    <Filter Include="Source Files\Engine\Rendering\Terrain">
      <UniqueIdentifier>{6e673fcd-56af-4840-b974-5063ea1a6850}</UniqueIdentifier>
    </Filter>
    <Filter Include="Header Files\Engine\Input">
      <UniqueIdentifier>{1ed17701-01f0-4f2c-aee0-5d577e417e0b}</UniqueIdentifier>
    </Filter>
    <Filter Include="Header Files\Engine\Time">
      <UniqueIdentifier>{287e2981-6e77-47e5-ba7d-ac98e50b05b0}</UniqueIdentifier>
    </Filter>
    <Filter Include="Source Files\Engine\Time">
      <UniqueIdentifier>{2ff71249-615e-453e-a53d-7efb671015b7}</UniqueIdentifier>
    </Filter>
  </ItemGroup>
  <ItemGroup>
    <ClInclude Include="Color.h">
      <Filter>Header Files\Base</Filter>
    </ClInclude>
    <ClInclude Include="FileUtility.h">
      <Filter>Header Files\Base</Filter>
    </ClInclude>
    <ClInclude Include="Matrix4x4.h">
      <Filter>Header Files\Base</Filter>
    </ClInclude>
    <ClInclude Include="Vector2.h">
      <Filter>Header Files\Base</Filter>
    </ClInclude>
    <ClInclude Include="Vector3.h">
      <Filter>Header Files\Base</Filter>
    </ClInclude>
    <ClInclude Include="Vector4.h">
      <Filter>Header Files\Base</Filter>
    </ClInclude>
    <ClInclude Include="Log.h">
      <Filter>Header Files\Debug</Filter>
    </ClInclude>
    <ClInclude Include="Uncopyable.h">
      <Filter>Header Files\Base</Filter>
    </ClInclude>
    <ClInclude Include="Camera.h">
      <Filter>Header Files\Engine\Components</Filter>
    </ClInclude>
    <ClInclude Include="GameManager.h">
      <Filter>Header Files\Engine\GameLoop</Filter>
    </ClInclude>
    <ClInclude Include="Component.h">
      <Filter>Header Files\Engine\GameObject</Filter>
    </ClInclude>
    <ClInclude Include="MeshRenderer.h">
      <Filter>Header Files\Engine\Components</Filter>
    </ClInclude>
    <ClInclude Include="GameObject.h">
      <Filter>Header Files\Engine\GameObject</Filter>
    </ClInclude>
    <ClInclude Include="Transform.h">
      <Filter>Header Files\Engine\GameObject</Filter>
    </ClInclude>
    <ClInclude Include="Material.h">
      <Filter>Header Files\Engine\Rendering</Filter>
    </ClInclude>
    <ClInclude Include="Mesh.h">
      <Filter>Header Files\Engine\Rendering</Filter>
    </ClInclude>
    <ClInclude Include="RenderEngine.h">
      <Filter>Header Files\Engine\Rendering</Filter>
    </ClInclude>
    <ClInclude Include="Diffuse.h">
      <Filter>Header Files\Engine\Rendering\Effects</Filter>
    </ClInclude>
    <ClInclude Include="SOIL.h">
      <Filter>Header Files\Libraries</Filter>
    </ClInclude>
    <ClInclude Include="ResourceManager.h">
      <Filter>Header Files\Engine\Resources</Filter>
    </ClInclude>
    <ClInclude Include="Texture2D.h">
      <Filter>Header Files\Engine\Resources</Filter>
    </ClInclude>
    <ClInclude Include="IndexBuffer.h">
      <Filter>Header Files\OpenGL\Buffers</Filter>
    </ClInclude>
    <ClInclude Include="Buffer.h">
      <Filter>Header Files\OpenGL\Buffers</Filter>
    </ClInclude>
    <ClInclude Include="VertexBuffer.h">
      <Filter>Header Files\OpenGL\Buffers</Filter>
    </ClInclude>
    <ClInclude Include="OpenGLVersion.h">
      <Filter>Header Files\OpenGL</Filter>
    </ClInclude>
    <ClInclude Include="ShaderProgram.h">
      <Filter>Header Files\OpenGL</Filter>
    </ClInclude>
    <ClInclude Include="GLFWWindow.h">
      <Filter>Header Files\Engine\Window</Filter>
    </ClInclude>
    <ClInclude Include="Primitive.h">
      <Filter>Header Files\Engine\Rendering</Filter>
    </ClInclude>
    <ClInclude Include="VertexDeclarations.h">
      <Filter>Header Files\Engine\Rendering</Filter>
    </ClInclude>
    <ClInclude Include="Quaternion.h">
      <Filter>Header Files\Base</Filter>
    </ClInclude>
    <ClInclude Include="TerrainHeightMap.h">
      <Filter>Header Files\Engine\Rendering\Terrain</Filter>
    </ClInclude>
    <ClInclude Include="InputManager.h">
      <Filter>Header Files\Engine\Input</Filter>
    </ClInclude>
    <ClInclude Include="GameTime.h">
      <Filter>Header Files\Engine\Time</Filter>
    </ClInclude>
  </ItemGroup>
  <ItemGroup>
    <ClCompile Include="Camera.cpp">
      <Filter>Source Files\Engine\Components</Filter>
    </ClCompile>
    <ClCompile Include="MeshRenderer.cpp">
      <Filter>Source Files\Engine\Components</Filter>
    </ClCompile>
    <ClCompile Include="GameManager.cpp">
      <Filter>Source Files\Engine\GameLoop</Filter>
    </ClCompile>
    <ClCompile Include="Component.cpp">
      <Filter>Source Files\Engine\GameObject</Filter>
    </ClCompile>
    <ClCompile Include="GameObject.cpp">
      <Filter>Source Files\Engine\GameObject</Filter>
    </ClCompile>
    <ClCompile Include="Transform.cpp">
      <Filter>Source Files\Engine\GameObject</Filter>
    </ClCompile>
    <ClCompile Include="Material.cpp">
      <Filter>Source Files\Engine\Rendering</Filter>
    </ClCompile>
    <ClCompile Include="Mesh.cpp">
      <Filter>Source Files\Engine\Rendering</Filter>
    </ClCompile>
    <ClCompile Include="RenderEngine.cpp">
      <Filter>Source Files\Engine\Rendering</Filter>
    </ClCompile>
    <ClCompile Include="ResourceManager.cpp">
      <Filter>Source Files\Engine\Resources</Filter>
    </ClCompile>
    <ClCompile Include="Texture2D.cpp">
      <Filter>Source Files\Engine\Resources</Filter>
    </ClCompile>
    <ClCompile Include="GLFWWindow.cpp">
      <Filter>Source Files\Engine\Window</Filter>
    </ClCompile>
    <ClCompile Include="Buffer.cpp">
      <Filter>Source Files\OpenGL\Buffer</Filter>
    </ClCompile>
    <ClCompile Include="IndexBuffer.cpp">
      <Filter>Source Files\OpenGL\Buffer</Filter>
    </ClCompile>
    <ClCompile Include="VertexBuffer.cpp">
      <Filter>Source Files\OpenGL\Buffer</Filter>
    </ClCompile>
    <ClCompile Include="ShaderProgram.cpp">
      <Filter>Source Files\OpenGL</Filter>
    </ClCompile>
    <ClCompile Include="TerrainHeightMap.cpp">
      <Filter>Source Files\Engine\Rendering\Terrain</Filter>
    </ClCompile>
    <ClCompile Include="GameTime.cpp">
      <Filter>Source Files\Engine\Time</Filter>
    </ClCompile>
  </ItemGroup>
</Project>